
Microsoft Visual Studio Solution File, Format Version 12.00
# Visual Studio Version 17
VisualStudioVersion = 17.12.35506.116
MinimumVisualStudioVersion = 10.0.40219.1
Project("{2150E333-8FDC-42A3-9474-1A3956D46DE8}") = "DAL", "DAL", "{58D29281-E9DC-4320-98A8-3C426CA05ACD}"
EndProject
Project("{FAE04EC0-301F-11D3-BF4B-00C04F79EFBC}") = "ResumeDataAccess", "ResumeDataAccess\ResumeDataAccess.csproj", "{C9596F51-B40B-496C-B737-4C8A1E03A97D}"
EndProject
Project("{2150E333-8FDC-42A3-9474-1A3956D46DE8}") = "BLL", "BLL", "{F6E3409E-85B3-41D3-8786-ED6845E26E99}"
EndProject
Project("{2150E333-8FDC-42A3-9474-1A3956D46DE8}") = "ResumeApi", "ResumeApi", "{AAA9A89A-D36A-487D-A46A-E1364211B98C}"
EndProject
Project("{FAE04EC0-301F-11D3-BF4B-00C04F79EFBC}") = "ResumeApi", "ResumeAPI\ResumeApi.csproj", "{22D24A4A-A652-4076-9795-ACC618ECC17B}"
EndProject
Project("{2150E333-8FDC-42A3-9474-1A3956D46DE8}") = "root", "root", "{485B4B04-7315-4B31-88FC-338E425808F0}"
	ProjectSection(SolutionItems) = preProject
		.dockerignore = .dockerignore
		.gitignore = .gitignore
		LICENSE = LICENSE
		README.md = README.md
	EndProjectSection
EndProject
Project("{FAE04EC0-301F-11D3-BF4B-00C04F79EFBC}") = "ResumeBll", "ResumeBll\ResumeBll.csproj", "{E1038873-58E2-458B-AED8-A2F0F153535E}"
EndProject
Global
	GlobalSection(SolutionConfigurationPlatforms) = preSolution
		Debug|Any CPU = Debug|Any CPU
		Release|Any CPU = Release|Any CPU
	EndGlobalSection
	GlobalSection(ProjectConfigurationPlatforms) = postSolution
		{C9596F51-B40B-496C-B737-4C8A1E03A97D}.Debug|Any CPU.ActiveCfg = Debug|Any CPU
		{C9596F51-B40B-496C-B737-4C8A1E03A97D}.Debug|Any CPU.Build.0 = Debug|Any CPU
		{C9596F51-B40B-496C-B737-4C8A1E03A97D}.Release|Any CPU.ActiveCfg = Release|Any CPU
		{C9596F51-B40B-496C-B737-4C8A1E03A97D}.Release|Any CPU.Build.0 = Release|Any CPU
		{22D24A4A-A652-4076-9795-ACC618ECC17B}.Debug|Any CPU.ActiveCfg = Debug|Any CPU
		{22D24A4A-A652-4076-9795-ACC618ECC17B}.Debug|Any CPU.Build.0 = Debug|Any CPU
		{22D24A4A-A652-4076-9795-ACC618ECC17B}.Release|Any CPU.ActiveCfg = Release|Any CPU
		{22D24A4A-A652-4076-9795-ACC618ECC17B}.Release|Any CPU.Build.0 = Release|Any CPU
		{E1038873-58E2-458B-AED8-A2F0F153535E}.Debug|Any CPU.ActiveCfg = Debug|Any CPU
		{E1038873-58E2-458B-AED8-A2F0F153535E}.Debug|Any CPU.Build.0 = Debug|Any CPU
		{E1038873-58E2-458B-AED8-A2F0F153535E}.Release|Any CPU.ActiveCfg = Release|Any CPU
		{E1038873-58E2-458B-AED8-A2F0F153535E}.Release|Any CPU.Build.0 = Release|Any CPU
	EndGlobalSection
	GlobalSection(SolutionProperties) = preSolution
		HideSolutionNode = FALSE
	EndGlobalSection
	GlobalSection(NestedProjects) = preSolution
		{C9596F51-B40B-496C-B737-4C8A1E03A97D} = {58D29281-E9DC-4320-98A8-3C426CA05ACD}
		{22D24A4A-A652-4076-9795-ACC618ECC17B} = {AAA9A89A-D36A-487D-A46A-E1364211B98C}
		{E1038873-58E2-458B-AED8-A2F0F153535E} = {F6E3409E-85B3-41D3-8786-ED6845E26E99}
	EndGlobalSection
EndGlobal
